{
    "name": "bug",
    "version": "1.0.0",
    "lockfileVersion": 2,
    "requires": true,
    "packages": {
        "": {
            "name": "bug",
            "version": "1.0.0",
            "license": "ISC",
            "dependencies": {
                "@eversdk/appkit": "^0",
                "@eversdk/core": "^1.37.2",
                "@eversdk/lib-node": "^1.37.2"
            }
        },
        "node_modules/@eversdk/appkit": {
            "version": "0.3.1",
            "resolved": "https://registry.npmjs.org/@eversdk/appkit/-/appkit-0.3.1.tgz",
            "integrity": "sha512-WqlBIy8obZhTOAopdHCI7+S3obPtY3Bf/9Dtpbs9QccdiGD1NaCdmpSAcSpizx1eZo50/ie6PKRnuCZm4Sp6EA==",
            "dependencies": {
                "@eversdk/core": "^1"
            },
            "engines": {
                "node": ">=6"
            }
        },
        "node_modules/@eversdk/core": {
            "version": "1.38.0",
            "resolved": "https://registry.npmjs.org/@eversdk/core/-/core-1.38.0.tgz",
            "integrity": "sha512-roSsVsYIWPF+o6v4WpY8H9p0e+1rDPGvi94W94E0656oNh5JLvhw0h2uXidQudYlk/iMiaXrNWTQ9AgbUVnJgw==",
            "engines": {
                "node": ">=6"
            }
        },
        "node_modules/@eversdk/lib-node": {
            "version": "1.38.0",
            "resolved": "https://registry.npmjs.org/@eversdk/lib-node/-/lib-node-1.38.0.tgz",
            "integrity": "sha512-+Y3RjbvEIPpmSfgWK5DgFJ8KVYMf6hrDyGTjD6x2lKnM7mJotz1FAeS8+CNa+HNUIUci+mGihIwRATf8l8LBOA==",
            "hasInstallScript": true,
            "engines": {
                "node": ">=6"
            }
        }
    },
    "dependencies": {
        "@eversdk/appkit": {
            "version": "0.3.1",
            "resolved": "https://registry.npmjs.org/@eversdk/appkit/-/appkit-0.3.1.tgz",
            "integrity": "sha512-WqlBIy8obZhTOAopdHCI7+S3obPtY3Bf/9Dtpbs9QccdiGD1NaCdmpSAcSpizx1eZo50/ie6PKRnuCZm4Sp6EA==",
            "requires": {
                "@eversdk/core": "^1"
            }
        },
        "@eversdk/core": {
            "version": "1.38.0",
            "resolved": "https://registry.npmjs.org/@eversdk/core/-/core-1.38.0.tgz",
            "integrity": "sha512-roSsVsYIWPF+o6v4WpY8H9p0e+1rDPGvi94W94E0656oNh5JLvhw0h2uXidQudYlk/iMiaXrNWTQ9AgbUVnJgw=="
        },
        "@eversdk/lib-node": {
            "version": "1.38.0",
            "resolved": "https://registry.npmjs.org/@eversdk/lib-node/-/lib-node-1.38.0.tgz",
            "integrity": "sha512-+Y3RjbvEIPpmSfgWK5DgFJ8KVYMf6hrDyGTjD6x2lKnM7mJotz1FAeS8+CNa+HNUIUci+mGihIwRATf8l8LBOA=="
        }
    }
}
